
Microsoft Visual Studio Solution File, Format Version 12.00
# Visual Studio Version 16
VisualStudioVersion = 16.0.29613.14
MinimumVisualStudioVersion = 10.0.40219.1
Project("{9A19103F-16F7-4668-BE54-9A1E7A4F7556}") = "api", "api\api.csproj", "{47B11455-46FF-4C8F-9B93-A568337D7B1B}"
EndProject
Global
	GlobalSection(SolutionConfigurationPlatforms) = preSolution
		Debug|Any CPU = Debug|Any CPU
		Release|Any CPU = Release|Any CPU
	EndGlobalSection
	GlobalSection(ProjectConfigurationPlatforms) = postSolution
		{47B11455-46FF-4C8F-9B93-A568337D7B1B}.Debug|Any CPU.ActiveCfg = Debug|Any CPU
		{47B11455-46FF-4C8F-9B93-A568337D7B1B}.Debug|Any CPU.Build.0 = Debug|Any CPU
		{47B11455-46FF-4C8F-9B93-A568337D7B1B}.Release|Any CPU.ActiveCfg = Release|Any CPU
		{47B11455-46FF-4C8F-9B93-A568337D7B1B}.Release|Any CPU.Build.0 = Release|Any CPU
	EndGlobalSection
	GlobalSection(SolutionProperties) = preSolution
		HideSolutionNode = FALSE
	EndGlobalSection
	GlobalSection(ExtensibilityGlobals) = postSolution
		SolutionGuid = {FBEC280D-C8BC-4584-89D6-64A12F578BCB}
	EndGlobalSection
EndGlobal
