Microsoft Visual Studio Solution File, Format Version 12.00
# Visual Studio Version 17
VisualStudioVersion = 17.0.31521.260
MinimumVisualStudioVersion = 10.0.40219.1
Project("{9A19103F-16F7-4668-BE54-9A1E7A4F7556}") = "api", "api\api.csproj", "{C05C9017-6B8E-4B13-95C8-00A546029E4E}"
EndProject
Global
	GlobalSection(SolutionConfigurationPlatforms) = preSolution
		Debug|Any CPU = Debug|Any CPU
		Release|Any CPU = Release|Any CPU
	EndGlobalSection
	GlobalSection(ProjectConfigurationPlatforms) = postSolution
		{C05C9017-6B8E-4B13-95C8-00A546029E4E}.Debug|Any CPU.ActiveCfg = Debug|Any CPU
		{C05C9017-6B8E-4B13-95C8-00A546029E4E}.Debug|Any CPU.Build.0 = Debug|Any CPU
		{C05C9017-6B8E-4B13-95C8-00A546029E4E}.Release|Any CPU.ActiveCfg = Release|Any CPU
		{C05C9017-6B8E-4B13-95C8-00A546029E4E}.Release|Any CPU.Build.0 = Release|Any CPU
	EndGlobalSection
	GlobalSection(SolutionProperties) = preSolution
		HideSolutionNode = FALSE
	EndGlobalSection
	GlobalSection(ExtensibilityGlobals) = postSolution
		SolutionGuid = {843C37FD-2739-4F39-B0B1-FF00AE4593B3}
	EndGlobalSection
EndGlobal
